{
  "nodes": {
    "caelestia-cli": {
      "inputs": {
        "caelestia-shell": [
          "caelestia-shell"
        ],
        "nixpkgs": [
          "caelestia-shell",
          "nixpkgs"
        ]
      },
      "locked": {
        "lastModified": 1755952278,
        "narHash": "sha256-Y4F8sFJ3P3MExSuwDAnccfG1RxU4VdoW9yDRtDqG8qA=",
        "owner": "caelestia-dots",
        "repo": "cli",
        "rev": "db1e0da5bbd259f1218b4ae54d0327b0c4a46f78",
        "type": "github"
      },
      "original": {
        "owner": "caelestia-dots",
        "repo": "cli",
        "type": "github"
      }
    },
    "caelestia-shell": {
      "inputs": {
        "caelestia-cli": "caelestia-cli",
        "nixpkgs": "nixpkgs",
        "quickshell": "quickshell"
      },
      "locked": {
        "lastModified": 1756125201,
        "narHash": "sha256-nABhl3qhedKCYVn39UTwb485ACE87Fbnyjq3fymslAI=",
        "owner": "faizm55212",
        "repo": "caelestia-shell",
        "rev": "37f21c8b9b50eb65bb7440be907e29edc39a66d9",
        "type": "github"
      },
      "original": {
        "owner": "faizm55212",
        "repo": "caelestia-shell",
        "type": "github"
      }
    },
    "catppuccin": {
      "inputs": {
        "nixpkgs": [
          "nixpkgs"
        ]
      },
      "locked": {
        "lastModified": 1756028045,
        "narHash": "sha256-j6ehEdta7YnXtk42cdYQEElCKfnbe24yfeHJwszgyes=",
        "owner": "catppuccin",
        "repo": "nix",
        "rev": "ad015344f592b6ebb82de853b747dd577926ec77",
        "type": "github"
      },
      "original": {
        "owner": "catppuccin",
        "repo": "nix",
        "type": "github"
      }
    },
    "home-manager": {
      "inputs": {
        "nixpkgs": [
          "nixpkgs"
        ]
      },
      "locked": {
        "lastModified": 1756022458,
        "narHash": "sha256-J1i35r4HfNDdPpwL0vOBaZopQudAUVtartEerc1Jryc=",
        "owner": "nix-community",
        "repo": "home-manager",
        "rev": "9e3a33c0bcbc25619e540b9dfea372282f8a9740",
        "type": "github"
      },
      "original": {
        "owner": "nix-community",
        "repo": "home-manager",
        "type": "github"
      }
    },
    "nixpkgs": {
      "locked": {
        "lastModified": 1755615617,
        "narHash": "sha256-HMwfAJBdrr8wXAkbGhtcby1zGFvs+StOp19xNsbqdOg=",
        "owner": "nixos",
        "repo": "nixpkgs",
        "rev": "20075955deac2583bb12f07151c2df830ef346b4",
        "type": "github"
      },
      "original": {
        "owner": "nixos",
        "ref": "nixos-unstable",
        "repo": "nixpkgs",
        "type": "github"
      }
    },
    "nixpkgs_2": {
      "locked": {
        "lastModified": 1755615617,
        "narHash": "sha256-HMwfAJBdrr8wXAkbGhtcby1zGFvs+StOp19xNsbqdOg=",
        "owner": "nixos",
        "repo": "nixpkgs",
        "rev": "20075955deac2583bb12f07151c2df830ef346b4",
        "type": "github"
      },
      "original": {
        "owner": "nixos",
        "ref": "nixos-unstable",
        "repo": "nixpkgs",
        "type": "github"
      }
    },
    "quickshell": {
      "inputs": {
        "nixpkgs": [
          "caelestia-shell",
          "nixpkgs"
        ]
      },
      "locked": {
        "lastModified": 1753595452,
        "narHash": "sha256-vqkSDvh7hWhPvNjMjEDV4KbSCv2jyl2Arh73ZXe274k=",
        "ref": "refs/heads/master",
        "rev": "a5431dd02dc23d9ef1680e67777fed00fe5f7cda",
        "revCount": 665,
        "type": "git",
        "url": "https://git.outfoxxed.me/outfoxxed/quickshell"
      },
      "original": {
        "type": "git",
        "url": "https://git.outfoxxed.me/outfoxxed/quickshell"
      }
    },
    "root": {
      "inputs": {
        "caelestia-shell": "caelestia-shell",
        "catppuccin": "catppuccin",
        "home-manager": "home-manager",
        "nixpkgs": "nixpkgs_2"
      }
    }
  },
  "root": "root",
  "version": 7
}
